dario.cat/mergo v1.0.0 h1:AGCNq9Evsj31mOgNPcLyXc+4PNABt905YmuqPYYpBWk=
github.com/Kunde21/markdownfmt/v3 v3.1.0 h1:KiZu9LKs+wFFBQKhrZJrFZwtLnCCWJahL+S+E/3VnM0=
github.com/Kunde21/markdownfmt/v3 v3.1.0/go.mod h1:tPXN1RTyOzJwhfHoon9wUr4HGYmWgVxSQN6VBJDkrVc=
github.com/Masterminds/goutils v1.1.1 h1:5nUrii3FMTL5diU80unEVvNevw1nH4+ZV4DSLVJLSYI=
github.com/Masterminds/goutils v1.1.1/go.mod h1:8cTjp+g8YejhMuvIA5y2vz3BpJxksy863GQaJW2MFNU=
github.com/Masterminds/semver/v3 v3.1.1 h1:hLg3sBzpNErnxhQtUy/mmLR2I9foDujNK030IGemrRc=
github.com/Masterminds/semver/v3 v3.1.1/go.mod h1:VPu/7SZ7ePZ3QOrcuXROw5FAcLl4a0cBrbBpGY/8hQs=
github.com/Masterminds/sprig/v3 v3.2.1/go.mod h1:UoaO7Yp8KlPnJIYWTFkMaqPUYKTfGFPhxNuwnnxkKlk=
github.com/Masterminds/sprig/v3 v3.2.2 h1:17jRggJu518dr3QaafizSXOjKYp94wKfABxUmyxvxX8=
github.com/Masterminds/sprig/v3 v3.2.2/go.mod h1:UoaO7Yp8KlPnJIYWTFkMaqPUYKTfGFPhxNuwnnxkKlk=
github.com/Microsoft/go-winio v0.5.2 h1:a9IhgEQBCUEk6QCdml9CiJGhAws+YwffDHEMp1VMrpA=
github.com/Microsoft/go-winio v0.5.2/go.mod h1:WpS1mjBmmwHBEWmogvA2mj8546UReBk4v8QkMxJ6pZY=
github.com/ProtonMail/go-crypto v0.0.0-20230217124315-7d5c6f04bbb8 h1:wPbRQzjjwFc0ih8puEVAOFGELsn1zoIIYdxvML7mDxA=
github.com/ProtonMail/go-crypto v0.0.0-20230217124315-7d5c6f04bbb8/go.mod h1:I0gYDMZ6Z5GRU7l58bNFSkPTFN6Yl12dsUlAZ8xy98g=
github.com/acomagu/bufpipe v1.0.4 h1:e3H4WUzM3npvo5uv95QuJM3cQspFNtFBzvJ2oNjKIDQ=
github.com/acomagu/bufpipe v1.0.4/go.mod h1:mxdxdup/WdsKVreO5GpW4+M/1CE2sMG4jeGJ2sYmHc4=
github.com/apparentlymart/go-textseg/v15 v15.0.0 h1:uYvfpb3DyLSCGWnctWKGj857c6ew1u1fNQOlOtuGxQY=
github.com/apparentlymart/go-textseg/v15 v15.0.0/go.mod h1:K8XmNZdhEBkdlyDdvbmmsvpAG721bKi0joRfFdHIWJ4=
github.com/armon/go-radix v0.0.0-20180808171621-7fddfc383310/go.mod h1:ufUuZ+zHj4x4TnLV4JWEpy2hxWSpsRywHrMgIH9cCH8=
github.com/armon/go-radix v1.0.0 h1:F4z6KzEeeQIMeLFa97iZU6vupzoecKdU5TX24SNppXI=
github.com/armon/go-radix v1.0.0/go.mod h1:ufUuZ+zHj4x4TnLV4JWEpy2hxWSpsRywHrMgIH9cCH8=
github.com/bgentry/speakeasy v0.1.0 h1:ByYyxL9InA1OWqxJqqp2A5pYHUrCiAL6K3J+LKSsQkY=
github.com/bgentry/speakeasy v0.1.0/go.mod h1:+zsyZBPWlz7T6j88CTgSN5bM796AkVf0kBD4zp0CCIs=
github.com/bufbuild/protocompile v0.14.1 h1:iA73zAf/fyljNjQKwYzUHD6AD4R8KMasmwa/FBatYVw=
github.com/bufbuild/protocompile v0.14.1/go.mod h1:ppVdAIhbr2H8asPk6k4pY7t9zB1OU5DoEw9xY/FUi1c=
github.com/bwesterb/go-ristretto v1.2.0/go.mod h1:fUIoIZaG73pV5biE2Blr2xEzDoMj7NFEuV9ekS419A0=
github.com/cloudflare/circl v1.1.0/go.mod h1:prBCrKB9DV4poKZY1l9zBXg2QJY7mvgRvtMxxK7fi4I=
github.com/cloudflare/circl v1.3.3 h1:fE/Qz0QdIGqeWfnwq0RE0R7MI51s0M2E4Ga9kq5AEMs=
github.com/cloudflare/circl v1.3.3/go.mod h1:5XYMA4rFBvNIrhs50XuiBJ15vF2pZn4nnUKZrLbUZFA=
github.com/cloudflare/circl v1.3.7 h1:qlCDlTPz2n9fu58M0Nh1J/JzcFpfgkFHHX3O35r5vcU=
github.com/cloudflare/circl v1.3.7/go.mod h1:sRTcRWXGLrKw6yIGJ+l7amYJFfAXbZG0kBSc8r4zxgA=
github.com/cyphar/filepath-securejoin v0.2.4 h1:Ugdm7cg7i6ZK6x3xDF1oEu1nfkyfH53EtKeQYTC3kyg=
github.com/davecgh/go-spew v1.1.0/go.mod h1:J7Y8YcW2NihsgmVo/mv3lAwl/skON4iLHjSsI+c5H38=
github.com/davecgh/go-spew v1.1.1/go.mod h1:J7Y8YcW2NihsgmVo/mv3lAwl/skON4iLHjSsI+c5H38=
github.com/davecgh/go-spew v1.1.2-0.20180830191138-d8f796af33cc h1:U9qPSI2PIWSS1VwoXQT9A3Wy9MM3WgvqSxFWenqJduM=
github.com/davecgh/go-spew v1.1.2-0.20180830191138-d8f796af33cc/go.mod h1:J7Y8YcW2NihsgmVo/mv3lAwl/skON4iLHjSsI+c5H38=
github.com/emirpasic/gods v1.18.1 h1:FXtiHYKDGKCW2KzwZKx0iC0PQmdlorYgdFG9jPXJ1Bc=
github.com/emirpasic/gods v1.18.1/go.mod h1:8tpGGwCnJ5H4r6BWwaV6OrWmMoPhUl5jm/FMNAnJvWQ=
github.com/fatih/color v1.7.0/go.mod h1:Zm6kSWBoL9eyXnKyktHP6abPY2pDugNf5KwzbycvMj4=
github.com/fatih/color v1.13.0/go.mod h1:kLAiJbzzSOZDVNGyDpeOxJ47H46qBXwg5ILebYFFOfk=
github.com/fatih/color v1.18.0 h1:S8gINlzdQ840/4pfAwic/ZE0djQEH3wM94VfqLTZcOM=
github.com/fatih/color v1.18.0/go.mod h1:4FelSpRwEGDpQ12mAdzqdOukCy4u8WUtOY6lkT/6HfU=
github.com/frankban/quicktest v1.14.3 h1:FJKSZTDHjyhriyC81FLQ0LY93eSai0ZyR/ZIkd3ZUKE=
github.com/frankban/quicktest v1.14.3/go.mod h1:mgiwOwqx65TmIk1wJ6Q7wvnVMocbUorkibMOrVTHZps=
github.com/go-git/gcfg v1.5.0 h1:Q5ViNfGF8zFgyJWPqYwA7qGFoMTEiBmdlkcfRmpIMa4=
github.com/go-git/gcfg v1.5.0/go.mod h1:5m20vg6GwYabIxaOonVkTdrILxQMpEShl1xiMF4ua+E=
github.com/go-git/go-billy/v5 v5.4.1 h1:Uwp5tDRkPr+l/TnbHOQzp+tmJfLceOlbVucgpTz8ix4=
github.com/go-git/go-billy/v5 v5.4.1/go.mod h1:vjbugF6Fz7JIflbVpl1hJsGjSHNltrSw45YK/ukIvQg=
github.com/go-git/go-git/v5 v5.6.1 h1:q4ZRqQl4pR/ZJHc1L5CFjGA1a10u76aV1iC+nh+bHsk=
github.com/go-git/go-git/v5 v5.6.1/go.mod h1:mvyoL6Unz0PiTQrGQfSfiLFhBH1c1e84ylC2MDs4ee8=
github.com/go-logr/logr v1.4.3 h1:CjnDlHq8ikf6E492q6eKboGOC0T8CDaOvkHCIg8idEI=
github.com/go-logr/logr v1.4.3/go.mod h1:9T104GzyrTigFIr8wt5mBrctHMim0Nb2HLGrmQ40KvY=
github.com/go-logr/stdr v1.2.2 h1:hSWxHoqTgW2S2qGc0LTAI563KZ5YKYRhT3MFKZMbjag=
github.com/go-logr/stdr v1.2.2/go.mod h1:mMo/vtBO5dYbehREoey6XUKy/eSumjCCveDpRre4VKE=
github.com/golang/protobuf v1.5.4 h1:i7eJL8qZTpSEXOPTxNKhASYpMn+8e5Q6AdndVa1dWek=
github.com/golang/protobuf v1.5.4/go.mod h1:lnTiLA8Wa4RWRcIUkrtSVa5nRhsEGBg48fD6rSs7xps=
github.com/google/go-cmp v0.7.0 h1:wk8382ETsv4JYUZwIsn6YpYiWiBsYLSJiTsyBybVuN8=
github.com/google/go-cmp v0.7.0/go.mod h1:pXiqmnSA92OHEEa9HXL2W4E7lf9JzCmGVUdgjX3N/iU=
github.com/google/uuid v1.1.1/go.mod h1:TIyPZe4MgqvfeYDBFedMoGGpEw/LqOeaOT+nhxU+yHo=
github.com/google/uuid v1.1.2/go.mod h1:TIyPZe4MgqvfeYDBFedMoGGpEw/LqOeaOT+nhxU+yHo=
github.com/google/uuid v1.6.0 h1:NIvaJDMOsjHA8n1jAhLSgzrAzy1Hgr+hNrb57e+94F0=
github.com/google/uuid v1.6.0/go.mod h1:TIyPZe4MgqvfeYDBFedMoGGpEw/LqOeaOT+nhxU+yHo=
github.com/hashicorp/errwrap v1.0.0/go.mod h1:YH+1FKiLXxHSkmPseP+kNlulaMuP3n2brvKWEqk/Jc4=
github.com/hashicorp/errwrap v1.1.0 h1:OxrOeh75EUXMY8TBjag2fzXGZ40LB6IKw45YeGUDY2I=
github.com/hashicorp/errwrap v1.1.0/go.mod h1:YH+1FKiLXxHSkmPseP+kNlulaMuP3n2brvKWEqk/Jc4=
github.com/hashicorp/go-checkpoint v0.5.0 h1:MFYpPZCnQqQTE18jFwSII6eUQrD/oxMFp3mlgcqk5mU=
github.com/hashicorp/go-checkpoint v0.5.0/go.mod h1:7nfLNL10NsxqO4iWuW6tWW0HjZuDrwkBuEQsVcpCOgg=
github.com/hashicorp/go-cleanhttp v0.5.0/go.mod h1:JpRdi6/HCYpAwUzNwuwqhbovhLtngrth3wmdIIUrZ80=
github.com/hashicorp/go-cleanhttp v0.5.2 h1:035FKYIWjmULyFRBKPs8TBQoi0x6d9G4xc9neXJWAZQ=
github.com/hashicorp/go-cleanhttp v0.5.2/go.mod h1:kO/YDlP8L1346E6Sodw+PrpBSV4/SoxCXGY6BqNFT48=
github.com/hashicorp/go-hclog v1.6.3 h1:Qr2kF+eVWjTiYmU7Y31tYlP1h0q/X3Nl3tPGdaB11/k=
github.com/hashicorp/go-hclog v1.6.3/go.mod h1:W4Qnvbt70Wk/zYJryRzDRU/4r0kIg0PVHBcfoyhpF5M=
github.com/hashicorp/go-multierror v1.0.0/go.mod h1:dHtQlpGsu+cZNNAkkCN/P3hoUDHhCYQXV3UM06sGGrk=
github.com/hashicorp/go-multierror v1.1.1 h1:H5DkEtf6CXdFp0N0Em5UCwQpXMWke8IA0+lD48awMYo=
github.com/hashicorp/go-multierror v1.1.1/go.mod h1:iw975J/qwKPdAO1clOe2L8331t/9/fmwbPZ6JB6eMoM=
github.com/hashicorp/go-plugin v1.7.0 h1:YghfQH/0QmPNc/AZMTFE3ac8fipZyZECHdDPshfk+mA=
github.com/hashicorp/go-plugin v1.7.0/go.mod h1:BExt6KEaIYx804z8k4gRzRLEvxKVb+kn0NMcihqOqb8=
github.com/hashicorp/go-uuid v1.0.0/go.mod h1:6SBZvOh/SIDV7/2o3Jml5SYk/TvGqwFJ/bN7x4byOro=
github.com/hashicorp/go-uuid v1.0.3 h1:2gKiV6YVmrJ1i2CKKa9obLvRieoRGviZFL26PcT/Co8=
github.com/hashicorp/go-uuid v1.0.3/go.mod h1:6SBZvOh/SIDV7/2o3Jml5SYk/TvGqwFJ/bN7x4byOro=
github.com/hashicorp/go-version v1.7.0 h1:5tqGy27NaOTB8yJKUZELlFAS/LTKJkrmONwQKeRZfjY=
github.com/hashicorp/go-version v1.7.0/go.mod h1:fltr4n8CU8Ke44wwGCBoEymUuxUHl09ZGVZPK5anwXA=
github.com/hashicorp/hc-install v0.5.2 h1:SfwMFnEXVVirpwkDuSF5kymUOhrUxrTq3udEseZdOD0=
github.com/hashicorp/hc-install v0.5.2/go.mod h1:9QISwe6newMWIfEiXpzuu1k9HAGtQYgnSH8H9T8wmoI=
github.com/hashicorp/terraform-exec v0.18.1 h1:LAbfDvNQU1l0NOQlTuudjczVhHj061fNX5H8XZxHlH4=
github.com/hashicorp/terraform-exec v0.18.1/go.mod h1:58wg4IeuAJ6LVsLUeD2DWZZoc/bYi6dzhLHzxM41980=
github.com/hashicorp/terraform-json v0.17.1 h1:eMfvh/uWggKmY7Pmb3T85u86E2EQg6EQHgyRwf3RkyA=
github.com/hashicorp/terraform-json v0.17.1/go.mod h1:Huy6zt6euxaY9knPAFKjUITn8QxUFIe9VuSzb4zn/0o=
github.com/hashicorp/terraform-plugin-docs v0.16.0 h1:UmxFr3AScl6Wged84jndJIfFccGyBZn52KtMNsS12dI=
github.com/hashicorp/terraform-plugin-docs v0.16.0/go.mod h1:M3ZrlKBJAbPMtNOPwHicGi1c+hZUh7/g0ifT/z7TVfA=
github.com/hashicorp/terraform-plugin-framework v1.17.0 h1:JdX50CFrYcYFY31gkmitAEAzLKoBgsK+iaJjDC8OexY=
github.com/hashicorp/terraform-plugin-framework v1.17.0/go.mod h1:4OUXKdHNosX+ys6rLgVlgklfxN3WHR5VHSOABeS/BM0=
github.com/hashicorp/terraform-plugin-go v0.29.0 h1:1nXKl/nSpaYIUBU1IG/EsDOX0vv+9JxAltQyDMpq5mU=
github.com/hashicorp/terraform-plugin-go v0.29.0/go.mod h1:vYZbIyvxyy0FWSmDHChCqKvI40cFTDGSb3D8D70i9GM=
github.com/hashicorp/terraform-plugin-log v0.10.0 h1:eu2kW6/QBVdN4P3Ju2WiB2W3ObjkAsyfBsL3Wh1fj3g=
github.com/hashicorp/terraform-plugin-log v0.10.0/go.mod h1:/9RR5Cv2aAbrqcTSdNmY1NRHP4E3ekrXRGjqORpXyB0=
github.com/hashicorp/terraform-registry-address v0.4.0 h1:S1yCGomj30Sao4l5BMPjTGZmCNzuv7/GDTDX99E9gTk=
github.com/hashicorp/terraform-registry-address v0.4.0/go.mod h1:LRS1Ay0+mAiRkUyltGT+UHWkIqTFvigGn/LbMshfflE=
github.com/hashicorp/terraform-svchost v0.2.0 h1:wVc2vMiodOHvNZcQw/3y9af1XSomgjGSv+rv3BMCk7I=
github.com/hashicorp/terraform-svchost v0.2.0/go.mod h1:/98rrS2yZsbppi4VGVCjwYmh8dqsKzISqK7Hli+0rcQ=
github.com/hashicorp/yamux v0.1.2 h1:XtB8kyFOyHXYVFnwT5C3+Bdo8gArse7j2AQ0DA0Uey8=
github.com/hashicorp/yamux v0.1.2/go.mod h1:C+zze2n6e/7wshOZep2A70/aQU6QBRWJO/G6FT1wIns=
github.com/huandu/xstrings v1.3.1/go.mod h1:y5/lhBue+AyNmUVz9RLU9xbLR0o4KIIExikq4ovT0aE=
github.com/huandu/xstrings v1.3.2 h1:L18LIDzqlW6xN2rEkpdV8+oL/IXWJ1APd+vsdYy4Wdw=
github.com/huandu/xstrings v1.3.2/go.mod h1:y5/lhBue+AyNmUVz9RLU9xbLR0o4KIIExikq4ovT0aE=
github.com/imdario/mergo v0.3.11/go.mod h1:jmQim1M+e3UYxmgPu/WyfjB3N3VflVyUjjjwH0dnCYA=
github.com/imdario/mergo v0.3.15 h1:M8XP7IuFNsqUx6VPK2P9OSmsYsI/YFaGil0uD21V3dM=
github.com/imdario/mergo v0.3.15/go.mod h1:WBLT9ZmE3lPoWsEzCh9LPo3TiwVN+ZKEjmz+hD27ysY=
github.com/jbenet/go-context v0.0.0-20150711004518-d14ea06fba99 h1:BQSFePA1RWJOlocH6Fxy8MmwDt+yVQYULKfN0RoTN8A=
github.com/jbenet/go-context v0.0.0-20150711004518-d14ea06fba99/go.mod h1:1lJo3i6rXxKeerYnT8Nvf0QmHCRC1n8sfWVwXF2Frvo=
github.com/jhump/protoreflect v1.17.0 h1:qOEr613fac2lOuTgWN4tPAtLL7fUSbuJL5X5XumQh94=
github.com/jhump/protoreflect v1.17.0/go.mod h1:h9+vUUL38jiBzck8ck+6G/aeMX8Z4QUY/NiJPwPNi+8=
github.com/kevinburke/ssh_config v1.2.0 h1:x584FjTGwHzMwvHx18PXxbBVzfnxogHaAReU4gf13a4=
github.com/kevinburke/ssh_config v1.2.0/go.mod h1:CT57kijsi8u/K/BOFA39wgDQJ9CxiF4nAY/ojJ6r6mM=
github.com/kr/pretty v0.3.0 h1:WgNl7dwNpEZ6jJ9k1snq4pZsg7DOEN8hP9Xw0Tsjwk0=
github.com/kr/pretty v0.3.0/go.mod h1:640gp4NfQd8pI5XOwp5fnNeVWj67G7CFk/SaSQn7NBk=
github.com/kr/text v0.2.0 h1:5Nx0Ya0ZqY2ygV366QzturHI13Jq95ApcVaJBhpS+AY=
github.com/kr/text v0.2.0/go.mod h1:eLer722TekiGuMkidMxC/pM04lWEeraHUUmBw8l2grE=
github.com/mattn/go-colorable v0.0.9/go.mod h1:9vuHe8Xs5qXnSaW/c/ABM9alt+Vo+STaOChaDxuIBZU=
github.com/mattn/go-colorable v0.1.9/go.mod h1:u6P/XSegPjTcexA+o6vUJrdnUu04hMope9wVRipJSqc=
github.com/mattn/go-colorable v0.1.12/go.mod h1:u5H1YNBxpqRaxsYJYSkiCWKzEfiAb1Gb520KVy5xxl4=
github.com/mattn/go-colorable v0.1.14 h1:9A9LHSqF/7dyVVX6g0U9cwm9pG3kP9gSzcuIPHPsaIE=
github.com/mattn/go-colorable v0.1.14/go.mod h1:6LmQG8QLFO4G5z1gPvYEzlUgJ2wF+stgPZH1UqBm1s8=
github.com/mattn/go-isatty v0.0.3/go.mod h1:M+lRXTBqGeGNdLjl/ufCoiOlB5xdOkqRJdNxMWT7Zi4=
github.com/mattn/go-isatty v0.0.12/go.mod h1:cbi8OIDigv2wuxKPP5vlRcQ1OAZbq2CE4Kysco4FUpU=
github.com/mattn/go-isatty v0.0.14/go.mod h1:7GGIvUiUoEMVVmxf/4nioHXj79iQHKdU27kJ6hsGG94=
github.com/mattn/go-isatty v0.0.20 h1:xfD0iDuEKnDkl03q4limB+vH+GxLEtL/jb4xVJSWWEY=
github.com/mattn/go-isatty v0.0.20/go.mod h1:W+V8PltTTMOvKvAeJH7IuucS94S2C6jfK/D7dTCTo3Y=
github.com/mitchellh/cli v1.1.5 h1:OxRIeJXpAMztws/XHlN2vu6imG5Dpq+j61AzAX5fLng=
github.com/mitchellh/cli v1.1.5/go.mod h1:v8+iFts2sPIKUV1ltktPXMCC8fumSKFItNcD2cLtRR4=
github.com/mitchellh/copystructure v1.0.0/go.mod h1:SNtv71yrdKgLRyLFxmLdkAbkKEFWgYaq1OVrnRcwhnw=
github.com/mitchellh/copystructure v1.2.0 h1:vpKXTN4ewci03Vljg/q9QvCGUDttBOGBIa15WveJJGw=
github.com/mitchellh/copystructure v1.2.0/go.mod h1:qLl+cE2AmVv+CoeAwDPye/v+N2HKCj9FbZEVFJRxO9s=
github.com/mitchellh/go-testing-interface v1.14.1 h1:jrgshOhYAUVNMAJiKbEu7EqAwgJJ2JqpQmpLJOu07cU=
github.com/mitchellh/go-testing-interface v1.14.1/go.mod h1:gfgS7OtZj6MA4U1UrDRp04twqAjfvlZyCfX3sDjEym8=
github.com/mitchellh/reflectwalk v1.0.0/go.mod h1:mSTlrgnPZtwu0c4WaC2kGObEpuNDbx0jmZXqmk4esnw=
github.com/mitchellh/reflectwalk v1.0.2 h1:G2LzWKi524PWgd3mLHV8Y5k7s6XUvT0Gef6zxSIeXaQ=
github.com/mitchellh/reflectwalk v1.0.2/go.mod h1:mSTlrgnPZtwu0c4WaC2kGObEpuNDbx0jmZXqmk4esnw=
github.com/oklog/run v1.2.0 h1:O8x3yXwah4A73hJdlrwo/2X6J62gE5qTMusH0dvz60E=
github.com/oklog/run v1.2.0/go.mod h1:mgDbKRSwPhJfesJ4PntqFUbKQRZ50NgmZTSPlFA0YFk=
github.com/pjbgf/sha1cd v0.3.0 h1:4D5XXmUUBUl/xQ6IjCkEAbqXskkq/4O7LmGn0AqMDs4=
github.com/pjbgf/sha1cd v0.3.0/go.mod h1:nZ1rrWOcGJ5uZgEEVL1VUM9iRQiZvWdbZjkKyFzPPsI=
github.com/pmezard/go-difflib v1.0.0/go.mod h1:iKH77koFhYxTK1pcRnkKkqfTogsbg7gZNVY4sRDYZ/4=
github.com/pmezard/go-difflib v1.0.1-0.20181226105442-5d4384ee4fb2 h1:Jamvg5psRIccs7FGNTlIRMkT8wgtp5eCXdBlqhYGL6U=
github.com/pmezard/go-difflib v1.0.1-0.20181226105442-5d4384ee4fb2/go.mod h1:iKH77koFhYxTK1pcRnkKkqfTogsbg7gZNVY4sRDYZ/4=
github.com/posener/complete v1.1.1/go.mod h1:em0nMJCgc9GFtwrmVmEMR/ZL6WyhyjMBndrE9hABlRI=
github.com/posener/complete v1.2.3 h1:NP0eAhjcjImqslEwo/1hq7gpajME0fTLTezBKDqfXqo=
github.com/posener/complete v1.2.3/go.mod h1:WZIdtGGp+qx0sLrYKtIRAruyNpv6hFCicSgv7Sy7s/s=
github.com/rogpeppe/go-internal v1.14.1 h1:UQB4HGPB6osV0SQTLymcB4TgvyWu6ZyliaW0tI/otEQ=
github.com/rogpeppe/go-internal v1.14.1/go.mod h1:MaRKkUm5W0goXpeCfT7UZI6fk/L7L7so1lCWt35ZSgc=
github.com/russross/blackfriday v1.6.0 h1:KqfZb0pUVN2lYqZUYRddxF4OR8ZMURnJIG5Y3VRLtww=
github.com/russross/blackfriday v1.6.0/go.mod h1:ti0ldHuxg49ri4ksnFxlkCfN+hvslNlmVHqNRXXJNAY=
github.com/sergi/go-diff v1.2.0 h1:XU+rvMAioB0UC3q1MFrIQy4Vo5/4VsRDQQXHsEya6xQ=
github.com/sergi/go-diff v1.2.0/go.mod h1:STckp+ISIX8hZLjrqAeVduY0gWCT9IjLuqbuNXdaHfM=
github.com/shopspring/decimal v1.2.0/go.mod h1:DKyhrW/HYNuLGql+MJL6WCR6knT2jwCFRcu2hWCYk4o=
github.com/shopspring/decimal v1.3.1 h1:2Usl1nmF/WZucqkFZhnfFYxxxu8LG21F6nPQBE5gKV8=
github.com/shopspring/decimal v1.3.1/go.mod h1:DKyhrW/HYNuLGql+MJL6WCR6knT2jwCFRcu2hWCYk4o=
github.com/skeema/knownhosts v1.1.0 h1:Wvr9V0MxhjRbl3f9nMnKnFfiWTJmtECJ9Njkea3ysW0=
github.com/skeema/knownhosts v1.1.0/go.mod h1:sKFq3RD6/TKZkSWn8boUbDC7Qkgcv+8XXijpFO6roag=
github.com/spf13/cast v1.3.1/go.mod h1:Qx5cxh0v+4UWYiBimWS+eyWzqEqokIECu5etghLkUJE=
github.com/spf13/cast v1.5.0 h1:rj3WzYc11XZaIZMPKmwP96zkFEnnAmV8s6XbB2aY32w=
github.com/spf13/cast v1.5.0/go.mod h1:SpXXQ5YoyJw6s3/6cMTQuxvgRl3PCJiyaX9p6b155UU=
github.com/stretchr/objx v0.1.0/go.mod h1:HFkY916IF+rwdDfMAkV7OtwuqBVzrE8GR6GFx+wExME=
github.com/stretchr/testify v1.2.2/go.mod h1:a8OnRcib4nhh0OaRAV+Yts87kKdq0PP7pXfy6kDkUVs=
github.com/stretchr/testify v1.4.0/go.mod h1:j7eGeouHqKxXV5pUuKE4zz7dFj8WfuZ+81PSLYec5m4=
github.com/stretchr/testify v1.5.1/go.mod h1:5W2xD1RspED5o8YsWQXVCued0rvSQ+mT+I5cxcmMvtA=
github.com/stretchr/testify v1.7.2/go.mod h1:R6va5+xMeoiuVRoj+gSkQ7d3FALtqAAGI1FQKckRals=
github.com/stretchr/testify v1.11.1 h1:7s2iGBzp5EwR7/aIZr8ao5+dra3wiQyKjjFuvgVKu7U=
github.com/stretchr/testify v1.11.1/go.mod h1:wZwfW3scLgRK+23gO65QZefKpKQRnfz6sD981Nm4B6U=
github.com/vmihailenco/msgpack/v5 v5.4.1 h1:cQriyiUvjTwOHg8QZaPihLWeRAAVoCpE00IUPn0Bjt8=
github.com/vmihailenco/msgpack/v5 v5.4.1/go.mod h1:GaZTsDaehaPpQVyxrf5mtQlH+pc21PIudVV/E3rRQok=
github.com/vmihailenco/tagparser/v2 v2.0.0 h1:y09buUbR+b5aycVFQs/g70pqKVZNBmxwAhO7/IwNM9g=
github.com/vmihailenco/tagparser/v2 v2.0.0/go.mod h1:Wri+At7QHww0WTrCBeu4J6bNtoV6mEfg5OIWRZA9qds=
github.com/xanzy/ssh-agent v0.3.3 h1:+/15pJfg/RsTxqYcX6fHqOXZwwMP+2VyYWJeWM2qQFM=
github.com/xanzy/ssh-agent v0.3.3/go.mod h1:6dzNDKs0J9rVPHPhaGCukekBHKqfl+L3KghI1Bc68Uw=
github.com/zclconf/go-cty v1.16.4 h1:QGXaag7/7dCzb+odlGrgr+YmYZFaOCMW6DEpS+UD1eE=
github.com/zclconf/go-cty v1.16.4/go.mod h1:VvMs5i0vgZdhYawQNq5kePSpLAoz8u1xvZgrPIxfnZE=
go.opentelemetry.io/auto/sdk v1.2.1 h1:jXsnJ4Lmnqd11kwkBV2LgLoFMZKizbCi5fNZ/ipaZ64=
go.opentelemetry.io/auto/sdk v1.2.1/go.mod h1:KRTj+aOaElaLi+wW1kO/DZRXwkF4C5xPbEe3ZiIhN7Y=
go.opentelemetry.io/otel v1.38.0 h1:RkfdswUDRimDg0m2Az18RKOsnI8UDzppJAtj01/Ymk8=
go.opentelemetry.io/otel v1.38.0/go.mod h1:zcmtmQ1+YmQM9wrNsTGV/q/uyusom3P8RxwExxkZhjM=
go.opentelemetry.io/otel/metric v1.38.0 h1:Kl6lzIYGAh5M159u9NgiRkmoMKjvbsKtYRwgfrA6WpA=
go.opentelemetry.io/otel/metric v1.38.0/go.mod h1:kB5n/QoRM8YwmUahxvI3bO34eVtQf2i4utNVLr9gEmI=
go.opentelemetry.io/otel/sdk v1.38.0 h1:l48sr5YbNf2hpCUj/FoGhW9yDkl+Ma+LrVl8qaM5b+E=
go.opentelemetry.io/otel/sdk v1.38.0/go.mod h1:ghmNdGlVemJI3+ZB5iDEuk4bWA3GkTpW+DOoZMYBVVg=
go.opentelemetry.io/otel/sdk/metric v1.38.0 h1:aSH66iL0aZqo//xXzQLYozmWrXxyFkBJ6qT5wthqPoM=
go.opentelemetry.io/otel/sdk/metric v1.38.0/go.mod h1:dg9PBnW9XdQ1Hd6ZnRz689CbtrUp0wMMs9iPcgT9EZA=
go.opentelemetry.io/otel/trace v1.38.0 h1:Fxk5bKrDZJUH+AMyyIXGcFAPah0oRcT+LuNtJrmcNLE=
go.opentelemetry.io/otel/trace v1.38.0/go.mod h1:j1P9ivuFsTceSWe1oY+EeW3sc+Pp42sO++GHkg4wwhs=
golang.org/x/crypto v0.0.0-20190308221718-c2843e01d9a2/go.mod h1:djNgcEr1/C05ACkg1iLfiJU5Ep61QUkGW8qpdssI0+w=
golang.org/x/crypto v0.0.0-20210921155107-089bfa567519/go.mod h1:GvvjBRRGRdwPK5ydBHafDWAxML/pGHZbMvKqRZ5+Abc=
golang.org/x/crypto v0.48.0 h1:/VRzVqiRSggnhY7gNRxPauEQ5Drw9haKdM0jqfcCFts=
golang.org/x/crypto v0.48.0/go.mod h1:r0kV5h3qnFPlQnBSrULhlsRfryS2pmewsg+XfMgkVos=
golang.org/x/exp v0.0.0-20230626212559-97b1e661b5df h1:UA2aFVmmsIlefxMk29Dp2juaUSth8Pyn3Tq5Y5mJGME=
golang.org/x/exp v0.0.0-20230626212559-97b1e661b5df/go.mod h1:FXUEEKJgO7OQYeo8N01OfiKP8RXMtf6e8aTskBGqWdc=
golang.org/x/mod v0.32.0 h1:9F4d3PHLljb6x//jOyokMv3eX+YDeepZSEo3mFJy93c=
golang.org/x/mod v0.32.0/go.mod h1:SgipZ/3h2Ci89DlEtEXWUk/HteuRin+HHhN+WbNhguU=
golang.org/x/net v0.0.0-20190404232315-eb5bcb51f2a3/go.mod h1:t9HGtf8HONx5eT2rtn7q6eTqICYqUVnKs3thJo3Qplg=
golang.org/x/net v0.0.0-20210226172049-e18ecbb05110/go.mod h1:m0MpNAwzfU5UDzcl9v0D8zg8gWTRqZa9RBIspLL5mdg=
golang.org/x/net v0.50.0 h1:ucWh9eiCGyDR3vtzso0WMQinm2Dnt8cFMuQa9K33J60=
golang.org/x/net v0.50.0/go.mod h1:UgoSli3F/pBgdJBHCTc+tp3gmrU4XswgGRgtnwWTfyM=
golang.org/x/sys v0.0.0-20190215142949-d0b11bdaac8a/go.mod h1:STP8DvDyc/dI5b8T5hshtkjS+E42TnysNCUPdjciGhY=
golang.org/x/sys v0.0.0-20200116001909-b77594299b42/go.mod h1:h1NjWce9XRLGQEsW7wpKNCjG9DtNlClVuFLEZdDNbEs=
golang.org/x/sys v0.0.0-20200223170610-d5e6a3e2c0ae/go.mod h1:h1NjWce9XRLGQEsW7wpKNCjG9DtNlClVuFLEZdDNbEs=
golang.org/x/sys v0.0.0-20201119102817-f84b799fce68/go.mod h1:h1NjWce9XRLGQEsW7wpKNCjG9DtNlClVuFLEZdDNbEs=
golang.org/x/sys v0.0.0-20210615035016-665e8c7367d1/go.mod h1:oPkhp1MJrh7nUepCBck5+mAzfO9JrbApNNgaTdGDITg=
golang.org/x/sys v0.0.0-20210630005230-0f9fa26af87c/go.mod h1:oPkhp1MJrh7nUepCBck5+mAzfO9JrbApNNgaTdGDITg=
golang.org/x/sys v0.0.0-20210927094055-39ccf1dd6fa6/go.mod h1:oPkhp1MJrh7nUepCBck5+mAzfO9JrbApNNgaTdGDITg=
golang.org/x/sys v0.0.0-20220503163025-988cb79eb6c6/go.mod h1:oPkhp1MJrh7nUepCBck5+mAzfO9JrbApNNgaTdGDITg=
golang.org/x/sys v0.6.0/go.mod h1:oPkhp1MJrh7nUepCBck5+mAzfO9JrbApNNgaTdGDITg=
golang.org/x/sys v0.41.0 h1:Ivj+2Cp/ylzLiEU89QhWblYnOE9zerudt9Ftecq2C6k=
golang.org/x/sys v0.41.0/go.mod h1:OgkHotnGiDImocRcuBABYBEXf8A9a87e/uXjp9XT3ks=
golang.org/x/term v0.0.0-20201126162022-7de9c90e9dd1/go.mod h1:bj7SfCRtBDWHUb9snDiAeCFNEtKQo2Wmx5Cou7ajbmo=
golang.org/x/term v0.0.0-20210927222741-03fcf44c2211/go.mod h1:jbD1KX2456YbFQfuXm/mYQcufACuNUgVhRMnK/tPxf8=
golang.org/x/term v0.2.0/go.mod h1:TVmDHMZPmdnySmBfhjOoOdhjzdE1h4u1VwSiw2l1Nuc=
golang.org/x/term v0.5.0/go.mod h1:jMB1sMXY+tzblOD4FWmEbocvup2/aLOaQEp7JmGp78k=
golang.org/x/term v0.6.0/go.mod h1:m6U89DPEgQRMq3DNkDClhWw02AUbt2daBVO4cn4Hv9U=
golang.org/x/text v0.3.0/go.mod h1:NqM8EUOU14njkJ3fqMW+pc6Ldnwhi/IjpwHt7yyuwOQ=
golang.org/x/text v0.3.3/go.mod h1:5Zoc/QRtKVWzQhOtBMvqHzDpF6irO9z98xDceosuGiQ=
golang.org/x/text v0.34.0 h1:oL/Qq0Kdaqxa1KbNeMKwQq0reLCCaFtqu2eNuSeNHbk=
golang.org/x/text v0.34.0/go.mod h1:homfLqTYRFyVYemLBFl5GgL/DWEiH5wcsQ5gSh1yziA=
golang.org/x/tools v0.0.0-20180917221912-90fa682c2a6e/go.mod h1:n7NCudcB/nEzxVGmLbDWY5pfWTLqBcC2KZ6jyYvM4mQ=
gonum.org/v1/gonum v0.16.0 h1:5+ul4Swaf3ESvrOnidPp4GZbzf0mxVQpDCYUQE7OJfk=
gonum.org/v1/gonum v0.16.0/go.mod h1:fef3am4MQ93R2HHpKnLk4/Tbh/s0+wqD5nfa6Pnwy4E=
google.golang.org/genproto/googleapis/rpc v0.0.0-20260209200024-4cfbd4190f57 h1:mWPCjDEyshlQYzBpMNHaEof6UX1PmHcaUODUywQ0uac=
google.golang.org/genproto/googleapis/rpc v0.0.0-20260209200024-4cfbd4190f57/go.mod h1:j9x/tPzZkyxcgEFkiKEEGxfvyumM01BEtsW8xzOahRQ=
google.golang.org/grpc v1.78.0 h1:K1XZG/yGDJnzMdd/uZHAkVqJE+xIDOcmdSFZkBUicNc=
google.golang.org/grpc v1.78.0/go.mod h1:I47qjTo4OKbMkjA/aOOwxDIiPSBofUtQUI5EfpWvW7U=
google.golang.org/protobuf v1.36.11 h1:fV6ZwhNocDyBLK0dj+fg8ektcVegBBuEolpbTQyBNVE=
google.golang.org/protobuf v1.36.11/go.mod h1:HTf+CrKn2C3g5S8VImy6tdcUvCska2kB7j23XfzDpco=
gopkg.in/check.v1 v0.0.0-20161208181325-20d25e280405/go.mod h1:Co6ibVJAznAaIkqp8huTwlJQCZ016jof/cbN4VW5Yz0=
gopkg.in/check.v1 v1.0.0-20180628173108-788fd7840127 h1:qIbj1fsPNlZgppZ+VLlY7N33q108Sa+fhmuc+sWQYwY=
gopkg.in/check.v1 v1.0.0-20180628173108-788fd7840127/go.mod h1:Co6ibVJAznAaIkqp8huTwlJQCZ016jof/cbN4VW5Yz0=
gopkg.in/warnings.v0 v0.1.2 h1:wFXVbFY8DY5/xOe1ECiWdKCzZlxgshcYVNkBHstARME=
gopkg.in/warnings.v0 v0.1.2/go.mod h1:jksf8JmL6Qr/oQM2OXTHunEvvTAsrWBLb6OOjuVWRNI=
gopkg.in/yaml.v2 v2.2.2/go.mod h1:hI93XBmqTisBFMUTm0b8Fm+jr3Dg1NNxqwp+5A1VGuI=
gopkg.in/yaml.v2 v2.3.0/go.mod h1:hI93XBmqTisBFMUTm0b8Fm+jr3Dg1NNxqwp+5A1VGuI=
gopkg.in/yaml.v2 v2.4.0 h1:D8xgwECY7CYvx+Y2n4sBz93Jn9JRvxdiyyo8CTfuKaY=
gopkg.in/yaml.v2 v2.4.0/go.mod h1:RDklbk79AGWmwhnvt/jBztapEOGDOx6ZbXqjP6csGnQ=
gopkg.in/yaml.v3 v3.0.1 h1:fxVm/GzAzEWqLHuvctI91KS9hhNmmWOoWu0XTYJS7CA=
gopkg.in/yaml.v3 v3.0.1/go.mod h1:K4uyk7z7BCEPqu6E+C64Yfv1cQ7kz7rIZviUmN+EgEM=
k8s.io/apimachinery v0.35.0 h1:Z2L3IHvPVv/MJ7xRxHEtk6GoJElaAqDCCU0S6ncYok8=
k8s.io/apimachinery v0.35.0/go.mod h1:jQCgFZFR1F4Ik7hvr2g84RTJSZegBc8yHgFWKn//hns=
